
Microsoft Visual Studio Solution File, Format Version 12.00
# Visual Studio 2012
Project("{FAE04EC0-301F-11D3-BF4B-00C04F79EFBC}") = "AdviserLib", "AdviserLib\AdviserLib.csproj", "{870BCF2C-1E88-44C5-99F0-BDF67A46B2FE}"
EndProject
Project("{FAE04EC0-301F-11D3-BF4B-00C04F79EFBC}") = "Adviser", "Adviser\Adviser.csproj", "{9F49B8CB-EC0C-458E-ACA4-31A236073849}"
EndProject
Project("{FAE04EC0-301F-11D3-BF4B-00C04F79EFBC}") = "Controls", "..\..\..\Controls\Src\.NET Framework 4.0\Controls\Controls.csproj", "{4202557B-5A1B-4CAA-A4A7-162C4D09E9A8}"
EndProject
Global
	GlobalSection(SolutionConfigurationPlatforms) = preSolution
		Debug|Any CPU = Debug|Any CPU
		Release|Any CPU = Release|Any CPU
	EndGlobalSection
	GlobalSection(ProjectConfigurationPlatforms) = postSolution
		{870BCF2C-1E88-44C5-99F0-BDF67A46B2FE}.Debug|Any CPU.ActiveCfg = Debug|Any CPU
		{870BCF2C-1E88-44C5-99F0-BDF67A46B2FE}.Debug|Any CPU.Build.0 = Debug|Any CPU
		{870BCF2C-1E88-44C5-99F0-BDF67A46B2FE}.Release|Any CPU.ActiveCfg = Release|Any CPU
		{870BCF2C-1E88-44C5-99F0-BDF67A46B2FE}.Release|Any CPU.Build.0 = Release|Any CPU
		{9F49B8CB-EC0C-458E-ACA4-31A236073849}.Debug|Any CPU.ActiveCfg = Debug|Any CPU
		{9F49B8CB-EC0C-458E-ACA4-31A236073849}.Debug|Any CPU.Build.0 = Debug|Any CPU
		{9F49B8CB-EC0C-458E-ACA4-31A236073849}.Release|Any CPU.ActiveCfg = Release|Any CPU
		{9F49B8CB-EC0C-458E-ACA4-31A236073849}.Release|Any CPU.Build.0 = Release|Any CPU
		{4202557B-5A1B-4CAA-A4A7-162C4D09E9A8}.Debug|Any CPU.ActiveCfg = Debug|Any CPU
		{4202557B-5A1B-4CAA-A4A7-162C4D09E9A8}.Debug|Any CPU.Build.0 = Debug|Any CPU
		{4202557B-5A1B-4CAA-A4A7-162C4D09E9A8}.Release|Any CPU.ActiveCfg = Release|Any CPU
		{4202557B-5A1B-4CAA-A4A7-162C4D09E9A8}.Release|Any CPU.Build.0 = Release|Any CPU
	EndGlobalSection
	GlobalSection(SolutionProperties) = preSolution
		HideSolutionNode = FALSE
	EndGlobalSection
EndGlobal
