
Microsoft Visual Studio Solution File, Format Version 12.00
# Visual Studio Version 16
VisualStudioVersion = 16.0.31005.135
MinimumVisualStudioVersion = 10.0.40219.1
Project("{FAE04EC0-301F-11D3-BF4B-00C04F79EFBC}") = "AdviserLib", "AdviserLib\AdviserLib.csproj", "{870BCF2C-1E88-44C5-99F0-BDF67A46B2FE}"
EndProject
Project("{FAE04EC0-301F-11D3-BF4B-00C04F79EFBC}") = "Adviser", "Adviser\Adviser.csproj", "{9F49B8CB-EC0C-458E-ACA4-31A236073849}"
EndProject
Global
	GlobalSection(SolutionConfigurationPlatforms) = preSolution
		Debug|Any CPU = Debug|Any CPU
		Release|Any CPU = Release|Any CPU
	EndGlobalSection
	GlobalSection(ProjectConfigurationPlatforms) = postSolution
		{870BCF2C-1E88-44C5-99F0-BDF67A46B2FE}.Debug|Any CPU.ActiveCfg = Debug|Any CPU
		{870BCF2C-1E88-44C5-99F0-BDF67A46B2FE}.Debug|Any CPU.Build.0 = Debug|Any CPU
		{870BCF2C-1E88-44C5-99F0-BDF67A46B2FE}.Release|Any CPU.ActiveCfg = Release|Any CPU
		{870BCF2C-1E88-44C5-99F0-BDF67A46B2FE}.Release|Any CPU.Build.0 = Release|Any CPU
		{9F49B8CB-EC0C-458E-ACA4-31A236073849}.Debug|Any CPU.ActiveCfg = Debug|Any CPU
		{9F49B8CB-EC0C-458E-ACA4-31A236073849}.Debug|Any CPU.Build.0 = Debug|Any CPU
		{9F49B8CB-EC0C-458E-ACA4-31A236073849}.Release|Any CPU.ActiveCfg = Release|Any CPU
		{9F49B8CB-EC0C-458E-ACA4-31A236073849}.Release|Any CPU.Build.0 = Release|Any CPU
	EndGlobalSection
	GlobalSection(SolutionProperties) = preSolution
		HideSolutionNode = FALSE
	EndGlobalSection
	GlobalSection(ExtensibilityGlobals) = postSolution
		SolutionGuid = {5759CCA8-1C57-490F-868E-16148A0EFE4B}
	EndGlobalSection
EndGlobal
